
Microsoft Visual Studio Solution File, Format Version 12.00
# Visual Studio Version 17
VisualStudioVersion = 17.5.33502.453
MinimumVisualStudioVersion = 10.0.40219.1
Project("{FAE04EC0-301F-11D3-BF4B-00C04F79EFBC}") = "missionReact", "missionReact.csproj", "{2DF03EDD-36D9-4738-B6E8-CC8D05690839}"
EndProject
Global
	GlobalSection(SolutionConfigurationPlatforms) = preSolution
		Debug|Any CPU = Debug|Any CPU
		Release|Any CPU = Release|Any CPU
	EndGlobalSection
	GlobalSection(ProjectConfigurationPlatforms) = postSolution
		{2DF03EDD-36D9-4738-B6E8-CC8D05690839}.Debug|Any CPU.ActiveCfg = Debug|Any CPU
		{2DF03EDD-36D9-4738-B6E8-CC8D05690839}.Debug|Any CPU.Build.0 = Debug|Any CPU
		{2DF03EDD-36D9-4738-B6E8-CC8D05690839}.Release|Any CPU.ActiveCfg = Release|Any CPU
		{2DF03EDD-36D9-4738-B6E8-CC8D05690839}.Release|Any CPU.Build.0 = Release|Any CPU
	EndGlobalSection
	GlobalSection(SolutionProperties) = preSolution
		HideSolutionNode = FALSE
	EndGlobalSection
	GlobalSection(ExtensibilityGlobals) = postSolution
		SolutionGuid = {AB3DEAA7-2621-4C0B-ADBA-8915931639AC}
	EndGlobalSection
EndGlobal
